
Microsoft Visual Studio Solution File, Format Version 12.00
# Visual Studio Version 16
VisualStudioVersion = 16.0.29709.97
MinimumVisualStudioVersion = 10.0.40219.1
Project("{FAE04EC0-301F-11D3-BF4B-00C04F79EFBC}") = "GraficulFunctiei", "GraficulFunctiei.csproj", "{52501E41-C6F7-40AB-B26E-2FC9FD3FBEA8}"
EndProject
Global
	GlobalSection(SolutionConfigurationPlatforms) = preSolution
		Debug|Any CPU = Debug|Any CPU
		Release|Any CPU = Release|Any CPU
	EndGlobalSection
	GlobalSection(ProjectConfigurationPlatforms) = postSolution
		{52501E41-C6F7-40AB-B26E-2FC9FD3FBEA8}.Debug|Any CPU.ActiveCfg = Debug|Any CPU
		{52501E41-C6F7-40AB-B26E-2FC9FD3FBEA8}.Debug|Any CPU.Build.0 = Debug|Any CPU
		{52501E41-C6F7-40AB-B26E-2FC9FD3FBEA8}.Release|Any CPU.ActiveCfg = Release|Any CPU
		{52501E41-C6F7-40AB-B26E-2FC9FD3FBEA8}.Release|Any CPU.Build.0 = Release|Any CPU
	EndGlobalSection
	GlobalSection(SolutionProperties) = preSolution
		HideSolutionNode = FALSE
	EndGlobalSection
	GlobalSection(ExtensibilityGlobals) = postSolution
		SolutionGuid = {4E954E1C-E277-444B-B44C-F92320BA5F30}
	EndGlobalSection
EndGlobal
